// !$*UTF8*$!
{
	archiveVersion = 1;
	classes = {
	};
	objectVersion = 50;
	objects = {

/* Begin PBXBuildFile section */
		5014519C25A709A70081B403 /* Menu.swift in Sources */ = {isa = PBXBuildFile; fileRef = 5014519B25A709A70081B403 /* Menu.swift */; };
		5018D39C25B06F4B003D8CA9 /* Storyboard.storyboard in Resources */ = {isa = PBXBuildFile; fileRef = 5018D39B25B06F4B003D8CA9 /* Storyboard.storyboard */; };
		5018D39F25B06FB6003D8CA9 /* klasse.swift in Sources */ = {isa = PBXBuildFile; fileRef = 5018D39E25B06FB6003D8CA9 /* klasse.swift */; };
		50986F40268B33B2007466AF /* Chat.swift in Sources */ = {isa = PBXBuildFile; fileRef = 50986F3F268B33B2007466AF /* Chat.swift */; };
		50C131EB25A63B3C00427279 /* scrollApp.swift in Sources */ = {isa = PBXBuildFile; fileRef = 50C131EA25A63B3C00427279 /* scrollApp.swift */; };
		50C131ED25A63B3C00427279 /* ContentView.swift in Sources */ = {isa = PBXBuildFile; fileRef = 50C131EC25A63B3C00427279 /* ContentView.swift */; };
		50C131EF25A63B4000427279 /* Assets.xcassets in Resources */ = {isa = PBXBuildFile; fileRef = 50C131EE25A63B4000427279 /* Assets.xcassets */; };
		50C131F225A63B4100427279 /* Preview Assets.xcassets in Resources */ = {isa = PBXBuildFile; fileRef = 50C131F125A63B4100427279 /* Preview Assets.xcassets */; };
		50C1323E25A6778A00427279 /* Test.swift in Sources */ = {isa = PBXBuildFile; fileRef = 50C1323D25A6778A00427279 /* Test.swift */; };
		50D9963E25ACD96600C75670 /* profile.swift in Sources */ = {isa = PBXBuildFile; fileRef = 50D9963D25ACD96600C75670 /* profile.swift */; };
/* End PBXBuildFile section */

/* Begin PBXFileReference section */
		5014519B25A709A70081B403 /* Menu.swift */ = {isa = PBXFileReference; lastKnownFileType = sourcecode.swift; path = Menu.swift; sourceTree = "<group>"; };
		5018D39B25B06F4B003D8CA9 /* Storyboard.storyboard */ = {isa = PBXFileReference; lastKnownFileType = file.storyboard; path = Storyboard.storyboard; sourceTree = "<group>"; };
		5018D39E25B06FB6003D8CA9 /* klasse.swift */ = {isa = PBXFileReference; lastKnownFileType = sourcecode.swift; path = klasse.swift; sourceTree = "<group>"; };
		50986F3F268B33B2007466AF /* Chat.swift */ = {isa = PBXFileReference; lastKnownFileType = sourcecode.swift; path = Chat.swift; sourceTree = "<group>"; };
		50C131E725A63B3C00427279 /* scroll.app */ = {isa = PBXFileReference; explicitFileType = wrapper.application; includeInIndex = 0; path = scroll.app; sourceTree = BUILT_PRODUCTS_DIR; };
		50C131EA25A63B3C00427279 /* scrollApp.swift */ = {isa = PBXFileReference; lastKnownFileType = sourcecode.swift; path = scrollApp.swift; sourceTree = "<group>"; };
		50C131EC25A63B3C00427279 /* ContentView.swift */ = {isa = PBXFileReference; lastKnownFileType = sourcecode.swift; path = ContentView.swift; sourceTree = "<group>"; };
		50C131EE25A63B4000427279 /* Assets.xcassets */ = {isa = PBXFileReference; lastKnownFileType = folder.assetcatalog; path = Assets.xcassets; sourceTree = "<group>"; };
		50C131F125A63B4100427279 /* Preview Assets.xcassets */ = {isa = PBXFileReference; lastKnownFileType = folder.assetcatalog; path = "Preview Assets.xcassets"; sourceTree = "<group>"; };
		50C131F325A63B4100427279 /* Info.plist */ = {isa = PBXFileReference; lastKnownFileType = text.plist.xml; path = Info.plist; sourceTree = "<group>"; };
		50C1323D25A6778A00427279 /* Test.swift */ = {isa = PBXFileReference; lastKnownFileType = sourcecode.swift; path = Test.swift; sourceTree = "<group>"; };
		50D9963D25ACD96600C75670 /* profile.swift */ = {isa = PBXFileReference; lastKnownFileType = sourcecode.swift; path = profile.swift; sourceTree = "<group>"; };
/* End PBXFileReference section */

/* Begin PBXFrameworksBuildPhase section */
		50C131E425A63B3C00427279 /* Frameworks */ = {
			isa = PBXFrameworksBuildPhase;
			buildActionMask = 2147483647;
			files = (
			);
			runOnlyForDeploymentPostprocessing = 0;
		};
/* End PBXFrameworksBuildPhase section */

/* Begin PBXGroup section */
		50C131DE25A63B3C00427279 = {
			isa = PBXGroup;
			children = (
				50C131E925A63B3C00427279 /* scroll */,
				50C131E825A63B3C00427279 /* Products */,
			);
			sourceTree = "<group>";
		};
		50C131E825A63B3C00427279 /* Products */ = {
			isa = PBXGroup;
			children = (
				50C131E725A63B3C00427279 /* scroll.app */,
			);
			name = Products;
			sourceTree = "<group>";
		};
		50C131E925A63B3C00427279 /* scroll */ = {
			isa = PBXGroup;
			children = (
				50C131EA25A63B3C00427279 /* scrollApp.swift */,
				50C1323D25A6778A00427279 /* Test.swift */,
				50C131EC25A63B3C00427279 /* ContentView.swift */,
				50D9963D25ACD96600C75670 /* profile.swift */,
				5018D39B25B06F4B003D8CA9 /* Storyboard.storyboard */,
				5018D39E25B06FB6003D8CA9 /* klasse.swift */,
				5014519B25A709A70081B403 /* Menu.swift */,
				50986F3F268B33B2007466AF /* Chat.swift */,
				50C131EE25A63B4000427279 /* Assets.xcassets */,
				50C131F325A63B4100427279 /* Info.plist */,
				50C131F025A63B4100427279 /* Preview Content */,
			);
			path = scroll;
			sourceTree = "<group>";
		};
		50C131F025A63B4100427279 /* Preview Content */ = {
			isa = PBXGroup;
			children = (
				50C131F125A63B4100427279 /* Preview Assets.xcassets */,
			);
			path = "Preview Content";
			sourceTree = "<group>";
		};
/* End PBXGroup section */

/* Begin PBXNativeTarget section */
		50C131E625A63B3C00427279 /* scroll */ = {
			isa = PBXNativeTarget;
			buildConfigurationList = 50C131F625A63B4100427279 /* Build configuration list for PBXNativeTarget "scroll" */;
			buildPhases = (
				50C131E325A63B3C00427279 /* Sources */,
				50C131E425A63B3C00427279 /* Frameworks */,
				50C131E525A63B3C00427279 /* Resources */,
			);
			buildRules = (
			);
			dependencies = (
			);
			name = scroll;
			productName = scroll;
			productReference = 50C131E725A63B3C00427279 /* scroll.app */;
			productType = "com.apple.product-type.application";
		};
/* End PBXNativeTarget section */

/* Begin PBXProject section */
		50C131DF25A63B3C00427279 /* Project object */ = {
			isa = PBXProject;
			attributes = {
				LastSwiftUpdateCheck = 1200;
				LastUpgradeCheck = 1200;
				TargetAttributes = {
					50C131E625A63B3C00427279 = {
						CreatedOnToolsVersion = 12.0.1;
					};
				};
			};
			buildConfigurationList = 50C131E225A63B3C00427279 /* Build configuration list for PBXProject "scroll" */;
			compatibilityVersion = "Xcode 9.3";
			developmentRegion = en;
			hasScannedForEncodings = 0;
			knownRegions = (
				en,
				Base,
			);
			mainGroup = 50C131DE25A63B3C00427279;
			productRefGroup = 50C131E825A63B3C00427279 /* Products */;
			projectDirPath = "";
			projectRoot = "";
			targets = (
				50C131E625A63B3C00427279 /* scroll */,
			);
		};
/* End PBXProject section */

/* Begin PBXResourcesBuildPhase section */
		50C131E525A63B3C00427279 /* Resources */ = {
			isa = PBXResourcesBuildPhase;
			buildActionMask = 2147483647;
			files = (
				50C131F225A63B4100427279 /* Preview Assets.xcassets in Resources */,
				50C131EF25A63B4000427279 /* Assets.xcassets in Resources */,
				5018D39C25B06F4B003D8CA9 /* Storyboard.storyboard in Resources */,
			);
			runOnlyForDeploymentPostprocessing = 0;
		};
/* End PBXResourcesBuildPhase section */

/* Begin PBXSourcesBuildPhase section */
		50C131E325A63B3C00427279 /* Sources */ = {
			isa = PBXSourcesBuildPhase;
			buildActionMask = 2147483647;
			files = (
				50C131ED25A63B3C00427279 /* ContentView.swift in Sources */,
				50C131EB25A63B3C00427279 /* scrollApp.swift in Sources */,
				50986F40268B33B2007466AF /* Chat.swift in Sources */,
				5018D39F25B06FB6003D8CA9 /* klasse.swift in Sources */,
				5014519C25A709A70081B403 /* Menu.swift in Sources */,
				50D9963E25ACD96600C75670 /* profile.swift in Sources */,
				50C1323E25A6778A00427279 /* Test.swift in Sources */,
			);
			runOnlyForDeploymentPostprocessing = 0;
		};
/* End PBXSourcesBuildPhase section */

/* Begin XCBuildConfiguration section */
		50C131F425A63B4100427279 /* Debug */ = {
			isa = XCBuildConfiguration;
			buildSettings = {
				ALWAYS_SEARCH_USER_PATHS = NO;
				CLANG_ANALYZER_NONNULL = YES;
				CLANG_ANALYZER_NUMBER_OBJECT_CONVERSION = YES_AGGRESSIVE;
				CLANG_CXX_LANGUAGE_STANDARD = "gnu++14";
				CLANG_CXX_LIBRARY = "libc++";
				CLANG_ENABLE_MODULES = YES;
				CLANG_ENABLE_OBJC_ARC = YES;
				CLANG_ENABLE_OBJC_WEAK = YES;
				CLANG_WARN_BLOCK_CAPTURE_AUTORELEASING = YES;
				CLANG_WARN_BOOL_CONVERSION = YES;
				CLANG_WARN_COMMA = YES;
				CLANG_WARN_CONSTANT_CONVERSION = YES;
				CLANG_WARN_DEPRECATED_OBJC_IMPLEMENTATIONS = YES;
				CLANG_WARN_DIRECT_OBJC_ISA_USAGE = YES_ERROR;
				CLANG_WARN_DOCUMENTATION_COMMENTS = YES;
				CLANG_WARN_EMPTY_BODY = YES;
				CLANG_WARN_ENUM_CONVERSION = YES;
				CLANG_WARN_INFINITE_RECURSION = YES;
				CLANG_WARN_INT_CONVERSION = YES;
				CLANG_WARN_NON_LITERAL_NULL_CONVERSION = YES;
				CLANG_WARN_OBJC_IMPLICIT_RETAIN_SELF = YES;
				CLANG_WARN_OBJC_LITERAL_CONVERSION = YES;
				CLANG_WARN_OBJC_ROOT_CLASS = YES_ERROR;
				CLANG_WARN_QUOTED_INCLUDE_IN_FRAMEWORK_HEADER = YES;
				CLANG_WARN_RANGE_LOOP_ANALYSIS = YES;
				CLANG_WARN_STRICT_PROTOTYPES = YES;
				CLANG_WARN_SUSPICIOUS_MOVE = YES;
				CLANG_WARN_UNGUARDED_AVAILABILITY = YES_AGGRESSIVE;
				CLANG_WARN_UNREACHABLE_CODE = YES;
				CLANG_WARN__DUPLICATE_METHOD_MATCH = YES;
				COPY_PHASE_STRIP = NO;
				DEBUG_INFORMATION_FORMAT = dwarf;
				ENABLE_STRICT_OBJC_MSGSEND = YES;
				ENABLE_TESTABILITY = YES;
				GCC_C_LANGUAGE_STANDARD = gnu11;
				GCC_DYNAMIC_NO_PIC = NO;
				GCC_NO_COMMON_BLOCKS = YES;
				GCC_OPTIMIZATION_LEVEL = 0;
				GCC_PREPROCESSOR_DEFINITIONS = (
					"DEBUG=1",
					"$(inherited)",
				);
				GCC_WARN_64_TO_32_BIT_CONVERSION = YES;
				GCC_WARN_ABOUT_RETURN_TYPE = YES_ERROR;
				GCC_WARN_UNDECLARED_SELECTOR = YES;
				GCC_WARN_UNINITIALIZED_AUTOS = YES_AGGRESSIVE;
				GCC_WARN_UNUSED_FUNCTION = YES;
				GCC_WARN_UNUSED_VARIABLE = YES;
				IPHONEOS_DEPLOYMENT_TARGET = 14.0;
				MTL_ENABLE_DEBUG_INFO = INCLUDE_SOURCE;
				MTL_FAST_MATH = YES;
				ONLY_ACTIVE_ARCH = YES;
				SDKROOT = iphoneos;
				SWIFT_ACTIVE_COMPILATION_CONDITIONS = DEBUG;
				SWIFT_OPTIMIZATION_LEVEL = "-Onone";
			};
			name = Debug;
		};
		50C131F525A63B4100427279 /* Release */ = {
			isa = XCBuildConfiguration;
			buildSettings = {
				ALWAYS_SEARCH_USER_PATHS = NO;
				CLANG_ANALYZER_NONNULL = YES;
				CLANG_ANALYZER_NUMBER_OBJECT_CONVERSION = YES_AGGRESSIVE;
				CLANG_CXX_LANGUAGE_STANDARD = "gnu++14";
				CLANG_CXX_LIBRARY = "libc++";
				CLANG_ENABLE_MODULES = YES;
				CLANG_ENABLE_OBJC_ARC = YES;
				CLANG_ENABLE_OBJC_WEAK = YES;
				CLANG_WARN_BLOCK_CAPTURE_AUTORELEASING = YES;
				CLANG_WARN_BOOL_CONVERSION = YES;
				CLANG_WARN_COMMA = YES;
				CLANG_WARN_CONSTANT_CONVERSION = YES;
				CLANG_WARN_DEPRECATED_OBJC_IMPLEMENTATIONS = YES;
				CLANG_WARN_DIRECT_OBJC_ISA_USAGE = YES_ERROR;
				CLANG_WARN_DOCUMENTATION_COMMENTS = YES;
				CLANG_WARN_EMPTY_BODY = YES;
				CLANG_WARN_ENUM_CONVERSION = YES;
				CLANG_WARN_INFINITE_RECURSION = YES;
				CLANG_WARN_INT_CONVERSION = YES;
				CLANG_WARN_NON_LITERAL_NULL_CONVERSION = YES;
				CLANG_WARN_OBJC_IMPLICIT_RETAIN_SELF = YES;
				CLANG_WARN_OBJC_LITERAL_CONVERSION = YES;
				CLANG_WARN_OBJC_ROOT_CLASS = YES_ERROR;
				CLANG_WARN_QUOTED_INCLUDE_IN_FRAMEWORK_HEADER = YES;
				CLANG_WARN_RANGE_LOOP_ANALYSIS = YES;
				CLANG_WARN_STRICT_PROTOTYPES = YES;
				CLANG_WARN_SUSPICIOUS_MOVE = YES;
				CLANG_WARN_UNGUARDED_AVAILABILITY = YES_AGGRESSIVE;
				CLANG_WARN_UNREACHABLE_CODE = YES;
				CLANG_WARN__DUPLICATE_METHOD_MATCH = YES;
				COPY_PHASE_STRIP = NO;
				DEBUG_INFORMATION_FORMAT = "dwarf-with-dsym";
				ENABLE_NS_ASSERTIONS = NO;
				ENABLE_STRICT_OBJC_MSGSEND = YES;
				GCC_C_LANGUAGE_STANDARD = gnu11;
				GCC_NO_COMMON_BLOCKS = YES;
				GCC_WARN_64_TO_32_BIT_CONVERSION = YES;
				GCC_WARN_ABOUT_RETURN_TYPE = YES_ERROR;
				GCC_WARN_UNDECLARED_SELECTOR = YES;
				GCC_WARN_UNINITIALIZED_AUTOS = YES_AGGRESSIVE;
				GCC_WARN_UNUSED_FUNCTION = YES;
				GCC_WARN_UNUSED_VARIABLE = YES;
				IPHONEOS_DEPLOYMENT_TARGET = 14.0;
				MTL_ENABLE_DEBUG_INFO = NO;
				MTL_FAST_MATH = YES;
				SDKROOT = iphoneos;
				SWIFT_COMPILATION_MODE = wholemodule;
				SWIFT_OPTIMIZATION_LEVEL = "-O";
				VALIDATE_PRODUCT = YES;
			};
			name = Release;
		};
		50C131F725A63B4100427279 /* Debug */ = {
			isa = XCBuildConfiguration;
			buildSettings = {
				ASSETCATALOG_COMPILER_APPICON_NAME = AppIcon;
				ASSETCATALOG_COMPILER_GLOBAL_ACCENT_COLOR_NAME = AccentColor;
				CODE_SIGN_STYLE = Automatic;
				DEVELOPMENT_ASSET_PATHS = "\"scroll/Preview Content\"";
				DEVELOPMENT_TEAM = TGPJ6UM9CA;
				ENABLE_PREVIEWS = YES;
				INFOPLIST_FILE = scroll/Info.plist;
				IPHONEOS_DEPLOYMENT_TARGET = 14.0;
				LD_RUNPATH_SEARCH_PATHS = (
					"$(inherited)",
					"@executable_path/Frameworks",
				);
				PRODUCT_BUNDLE_IDENTIFIER = "Adrian-Hakva-g.scroll";
				PRODUCT_NAME = "$(TARGET_NAME)";
				SWIFT_VERSION = 5.0;
				TARGETED_DEVICE_FAMILY = "1,2";
			};
			name = Debug;
		};
		50C131F825A63B4100427279 /* Release */ = {
			isa = XCBuildConfiguration;
			buildSettings = {
				ASSETCATALOG_COMPILER_APPICON_NAME = AppIcon;
				ASSETCATALOG_COMPILER_GLOBAL_ACCENT_COLOR_NAME = AccentColor;
				CODE_SIGN_STYLE = Automatic;
				DEVELOPMENT_ASSET_PATHS = "\"scroll/Preview Content\"";
				DEVELOPMENT_TEAM = TGPJ6UM9CA;
				ENABLE_PREVIEWS = YES;
				INFOPLIST_FILE = scroll/Info.plist;
				IPHONEOS_DEPLOYMENT_TARGET = 14.0;
				LD_RUNPATH_SEARCH_PATHS = (
					"$(inherited)",
					"@executable_path/Frameworks",
				);
				PRODUCT_BUNDLE_IDENTIFIER = "Adrian-Hakva-g.scroll";
				PRODUCT_NAME = "$(TARGET_NAME)";
				SWIFT_VERSION = 5.0;
				TARGETED_DEVICE_FAMILY = "1,2";
			};
			name = Release;
		};
/* End XCBuildConfiguration section */

/* Begin XCConfigurationList section */
		50C131E225A63B3C00427279 /* Build configuration list for PBXProject "scroll" */ = {
			isa = XCConfigurationList;
			buildConfigurations = (
				50C131F425A63B4100427279 /* Debug */,
				50C131F525A63B4100427279 /* Release */,
			);
			defaultConfigurationIsVisible = 0;
			defaultConfigurationName = Release;
		};
		50C131F625A63B4100427279 /* Build configuration list for PBXNativeTarget "scroll" */ = {
			isa = XCConfigurationList;
			buildConfigurations = (
				50C131F725A63B4100427279 /* Debug */,
				50C131F825A63B4100427279 /* Release */,
			);
			defaultConfigurationIsVisible = 0;
			defaultConfigurationName = Release;
		};
/* End XCConfigurationList section */
	};
	rootObject = 50C131DF25A63B3C00427279 /* Project object */;
}
